git initMicrosoft Visual Studio Solution File, Format Version 12.00
# Visual Studio Version 17
VisualStudioVersion = 17.5.2.0
MinimumVisualStudioVersion = 10.0.40219.1
Project("{FAE04EC0-301F-11D3-BF4B-00C04F79EFBC}") = "ProyectoInvestigacionBackend", "ProyectoInvestigacionBackend\ProyectoInvestigacionBackend.csproj", "{8A44F700-1015-C060-B8D4-FFC9CEDEDE33}"
EndProject
Global
	GlobalSection(SolutionConfigurationPlatforms) = preSolution
		Debug|Any CPU = Debug|Any CPU
		Release|Any CPU = Release|Any CPU
	EndGlobalSection
	GlobalSection(ProjectConfigurationPlatforms) = postSolution
		{8A44F700-1015-C060-B8D4-FFC9CEDEDE33}.Debug|Any CPU.ActiveCfg = Debug|Any CPU
		{8A44F700-1015-C060-B8D4-FFC9CEDEDE33}.Debug|Any CPU.Build.0 = Debug|Any CPU
		{8A44F700-1015-C060-B8D4-FFC9CEDEDE33}.Release|Any CPU.ActiveCfg = Release|Any CPU
		{8A44F700-1015-C060-B8D4-FFC9CEDEDE33}.Release|Any CPU.Build.0 = Release|Any CPU
	EndGlobalSection
	GlobalSection(SolutionProperties) = preSolution
		HideSolutionNode = FALSE
	EndGlobalSection
	GlobalSection(ExtensibilityGlobals) = postSolution
		SolutionGuid = {DDB5EE2B-2892-41ED-A42E-6705A7B7FCBE}
	EndGlobalSection
EndGlobal
